
Microsoft Visual Studio Solution File, Format Version 12.00
# Visual Studio Version 17
VisualStudioVersion = 17.9.34714.143
MinimumVisualStudioVersion = 10.0.40219.1
Project("{FAE04EC0-301F-11D3-BF4B-00C04F79EFBC}") = "LiftCommander-API", "LiftCommander-API.csproj", "{58BD7935-3DC4-40FB-BD46-D223EFA28535}"
EndProject
Global
	GlobalSection(SolutionConfigurationPlatforms) = preSolution
		Debug|Any CPU = Debug|Any CPU
		Release|Any CPU = Release|Any CPU
	EndGlobalSection
	GlobalSection(ProjectConfigurationPlatforms) = postSolution
		{58BD7935-3DC4-40FB-BD46-D223EFA28535}.Debug|Any CPU.ActiveCfg = Debug|Any CPU
		{58BD7935-3DC4-40FB-BD46-D223EFA28535}.Debug|Any CPU.Build.0 = Debug|Any CPU
		{58BD7935-3DC4-40FB-BD46-D223EFA28535}.Release|Any CPU.ActiveCfg = Release|Any CPU
		{58BD7935-3DC4-40FB-BD46-D223EFA28535}.Release|Any CPU.Build.0 = Release|Any CPU
	EndGlobalSection
	GlobalSection(SolutionProperties) = preSolution
		HideSolutionNode = FALSE
	EndGlobalSection
	GlobalSection(ExtensibilityGlobals) = postSolution
		SolutionGuid = {1D8AC338-05A5-486E-AAAB-2A98803B5A2E}
	EndGlobalSection
EndGlobal
